{
    "version": 3,
    "terraform_version": "0.11.14",
    "serial": 3,
    "lineage": "4de745c6-d1bb-1cc3-d999-778d4806a389",
    "modules": [
        {
            "path": [
                "root"
            ],
            "outputs": {
                "ec2_global_ips": {
                    "sensitive": false,
                    "type": "list",
                    "value": [
                        "54.174.104.192"
                    ]
                }
            },
            "resources": {
                "aws_instance.Test-VM": {
                    "type": "aws_instance",
                    "depends_on": [],
                    "primary": {
                        "id": "i-0af37100eeb131ae0",
                        "attributes": {
                            "ami": "ami-0b69ea66ff7391e80",
                            "arn": "arn:aws:ec2:us-east-1:342679289922:instance/i-0af37100eeb131ae0",
                            "associate_public_ip_address": "true",
                            "availability_zone": "us-east-1b",
                            "cpu_core_count": "1",
                            "cpu_threads_per_core": "1",
                            "credit_specification.#": "1",
                            "credit_specification.0.cpu_credits": "standard",
                            "disable_api_termination": "false",
                            "ebs_block_device.#": "0",
                            "ebs_optimized": "false",
                            "ephemeral_block_device.#": "0",
                            "get_password_data": "false",
                            "iam_instance_profile": "",
                            "id": "i-0af37100eeb131ae0",
                            "instance_state": "running",
                            "instance_type": "t2.micro",
                            "ipv6_address_count": "0",
                            "ipv6_addresses.#": "0",
                            "key_name": "mayank",
                            "monitoring": "false",
                            "network_interface.#": "0",
                            "password_data": "",
                            "placement_group": "",
                            "primary_network_interface_id": "eni-0779ac7f28df03e34",
                            "private_dns": "ip-172-31-83-43.ec2.internal",
                            "private_ip": "172.31.83.43",
                            "public_dns": "ec2-54-174-104-192.compute-1.amazonaws.com",
                            "public_ip": "54.174.104.192",
                            "root_block_device.#": "1",
                            "root_block_device.0.delete_on_termination": "true",
                            "root_block_device.0.encrypted": "false",
                            "root_block_device.0.iops": "100",
                            "root_block_device.0.kms_key_id": "",
                            "root_block_device.0.volume_id": "vol-07e284ec25801ccb3",
                            "root_block_device.0.volume_size": "8",
                            "root_block_device.0.volume_type": "gp2",
                            "security_groups.#": "1",
                            "security_groups.1237842345": "All_traffic",
                            "source_dest_check": "true",
                            "subnet_id": "subnet-a3240d8d",
                            "tags.%": "1",
                            "tags.Name": "Test-VM",
                            "tenancy": "default",
                            "volume_tags.%": "0",
                            "vpc_security_group_ids.#": "1",
                            "vpc_security_group_ids.1502181638": "sg-0e4a7108393204d04"
                        },
                        "meta": {
                            "e2bfb730-ecaa-11e6-8f88-34363bc7c4c0": {
                                "create": 600000000000,
                                "delete": 1200000000000,
                                "update": 600000000000
                            },
                            "schema_version": "1"
                        },
                        "tainted": false
                    },
                    "deposed": [],
                    "provider": "provider.aws"
                },
                "aws_key_pair.deployer": {
                    "type": "aws_key_pair",
                    "depends_on": [],
                    "primary": {
                        "id": "mayank",
                        "attributes": {
                            "fingerprint": "fd:30:57:db:62:b4:b8:ff:6b:8d:fa:40:3d:d9:ea:ee",
                            "id": "mayank",
                            "key_name": "mayank",
                            "public_key": "ssh-rsa AAAAB3NzaC1yc2EAAAADAQABAAABAQC12sB0XttI+Kf/nCrztm4r3ow4mGTuTMnsF4sJwTxq4c86+2AZS234/bI4JDdNAkfkoqscet9bWd2k11PrqWidYacqX8FaKZsaWnmiB7uowtRz4CQbVFJAoE90NiatVnZ9ZyAoTQdw2java/WYYZFVLDBu3e5bDfSs32Wgx8y/kEFEZskm8BmK6bbgXrJZEnVuCj5nb17lqHrzS4xfB9R2QYZ4CqIiO8Axg9d0FIRkgPFjVrMdU7luKxMWMQ3uaonJxh6cdg+nfnB8FG1DLqRaIjPuOHWxO03/gMRzmgo6d4zxieXlY2+ltVDbUAIjn/xDsoBudADLJ/mHIe+g7R0F root@vagrantbox"
                        },
                        "meta": {
                            "schema_version": "1"
                        },
                        "tainted": false
                    },
                    "deposed": [],
                    "provider": "provider.aws"
                },
                "aws_security_group.All_traffic": {
                    "type": "aws_security_group",
                    "depends_on": [],
                    "primary": {
                        "id": "sg-0e4a7108393204d04",
                        "attributes": {
                            "arn": "arn:aws:ec2:us-east-1:342679289922:security-group/sg-0e4a7108393204d04",
                            "description": "Allow all inbound traffic",
                            "egress.#": "1",
                            "egress.482069346.cidr_blocks.#": "1",
                            "egress.482069346.cidr_blocks.0": "0.0.0.0/0",
                            "egress.482069346.description": "",
                            "egress.482069346.from_port": "0",
                            "egress.482069346.ipv6_cidr_blocks.#": "0",
                            "egress.482069346.prefix_list_ids.#": "0",
                            "egress.482069346.protocol": "-1",
                            "egress.482069346.security_groups.#": "0",
                            "egress.482069346.self": "false",
                            "egress.482069346.to_port": "0",
                            "id": "sg-0e4a7108393204d04",
                            "ingress.#": "3",
                            "ingress.2214680975.cidr_blocks.#": "1",
                            "ingress.2214680975.cidr_blocks.0": "0.0.0.0/0",
                            "ingress.2214680975.description": "",
                            "ingress.2214680975.from_port": "80",
                            "ingress.2214680975.ipv6_cidr_blocks.#": "0",
                            "ingress.2214680975.prefix_list_ids.#": "0",
                            "ingress.2214680975.protocol": "tcp",
                            "ingress.2214680975.security_groups.#": "0",
                            "ingress.2214680975.self": "false",
                            "ingress.2214680975.to_port": "80",
                            "ingress.2541437006.cidr_blocks.#": "1",
                            "ingress.2541437006.cidr_blocks.0": "0.0.0.0/0",
                            "ingress.2541437006.description": "",
                            "ingress.2541437006.from_port": "22",
                            "ingress.2541437006.ipv6_cidr_blocks.#": "0",
                            "ingress.2541437006.prefix_list_ids.#": "0",
                            "ingress.2541437006.protocol": "tcp",
                            "ingress.2541437006.security_groups.#": "0",
                            "ingress.2541437006.self": "false",
                            "ingress.2541437006.to_port": "22",
                            "ingress.516175195.cidr_blocks.#": "1",
                            "ingress.516175195.cidr_blocks.0": "0.0.0.0/0",
                            "ingress.516175195.description": "",
                            "ingress.516175195.from_port": "8080",
                            "ingress.516175195.ipv6_cidr_blocks.#": "0",
                            "ingress.516175195.prefix_list_ids.#": "0",
                            "ingress.516175195.protocol": "tcp",
                            "ingress.516175195.security_groups.#": "0",
                            "ingress.516175195.self": "false",
                            "ingress.516175195.to_port": "8080",
                            "name": "All_traffic",
                            "owner_id": "342679289922",
                            "revoke_rules_on_delete": "false",
                            "tags.%": "0",
                            "vpc_id": "vpc-8ae897f0"
                        },
                        "meta": {
                            "e2bfb730-ecaa-11e6-8f88-34363bc7c4c0": {
                                "create": 600000000000,
                                "delete": 600000000000
                            },
                            "schema_version": "1"
                        },
                        "tainted": false
                    },
                    "deposed": [],
                    "provider": "provider.aws"
                }
            },
            "depends_on": []
        }
    ]
}
